// !$*UTF8*$!
{
	archiveVersion = 1;
	classes = {
	};
	objectVersion = 46;
	objects = {

/* Begin PBXBuildFile section */
		902208751E3CF55D005EBF7F /* CustomTableViewCell.swift in Sources */ = {isa = PBXBuildFile; fileRef = 902208741E3CF55D005EBF7F /* CustomTableViewCell.swift */; };
		902208791E3CF900005EBF7F /* 1.png in Resources */ = {isa = PBXBuildFile; fileRef = 902208761E3CF900005EBF7F /* 1.png */; };
		9022087A1E3CF900005EBF7F /* 2.png in Resources */ = {isa = PBXBuildFile; fileRef = 902208771E3CF900005EBF7F /* 2.png */; };
		9022087B1E3CF900005EBF7F /* 3.png in Resources */ = {isa = PBXBuildFile; fileRef = 902208781E3CF900005EBF7F /* 3.png */; };
		905655451E3BAB88002AD74F /* AppDelegate.swift in Sources */ = {isa = PBXBuildFile; fileRef = 905655441E3BAB88002AD74F /* AppDelegate.swift */; };
		905655471E3BAB88002AD74F /* ViewController.swift in Sources */ = {isa = PBXBuildFile; fileRef = 905655461E3BAB88002AD74F /* ViewController.swift */; };
		9056554A1E3BAB88002AD74F /* Main.storyboard in Resources */ = {isa = PBXBuildFile; fileRef = 905655481E3BAB88002AD74F /* Main.storyboard */; };
		9056554D1E3BAB88002AD74F /* Custom_TableView.xcdatamodeld in Sources */ = {isa = PBXBuildFile; fileRef = 9056554B1E3BAB88002AD74F /* Custom_TableView.xcdatamodeld */; };
		9056554F1E3BAB88002AD74F /* Assets.xcassets in Resources */ = {isa = PBXBuildFile; fileRef = 9056554E1E3BAB88002AD74F /* Assets.xcassets */; };
		905655521E3BAB88002AD74F /* LaunchScreen.storyboard in Resources */ = {isa = PBXBuildFile; fileRef = 905655501E3BAB88002AD74F /* LaunchScreen.storyboard */; };
/* End PBXBuildFile section */

/* Begin PBXFileReference section */
		902208741E3CF55D005EBF7F /* CustomTableViewCell.swift */ = {isa = PBXFileReference; fileEncoding = 4; lastKnownFileType = sourcecode.swift; path = CustomTableViewCell.swift; sourceTree = "<group>"; };
		902208761E3CF900005EBF7F /* 1.png */ = {isa = PBXFileReference; lastKnownFileType = image.png; path = 1.png; sourceTree = "<group>"; };
		902208771E3CF900005EBF7F /* 2.png */ = {isa = PBXFileReference; lastKnownFileType = image.png; path = 2.png; sourceTree = "<group>"; };
		902208781E3CF900005EBF7F /* 3.png */ = {isa = PBXFileReference; lastKnownFileType = image.png; path = 3.png; sourceTree = "<group>"; };
		905655411E3BAB88002AD74F /* Custom TableView.app */ = {isa = PBXFileReference; explicitFileType = wrapper.application; includeInIndex = 0; path = "Custom TableView.app"; sourceTree = BUILT_PRODUCTS_DIR; };
		905655441E3BAB88002AD74F /* AppDelegate.swift */ = {isa = PBXFileReference; lastKnownFileType = sourcecode.swift; path = AppDelegate.swift; sourceTree = "<group>"; };
		905655461E3BAB88002AD74F /* ViewController.swift */ = {isa = PBXFileReference; lastKnownFileType = sourcecode.swift; path = ViewController.swift; sourceTree = "<group>"; };
		905655491E3BAB88002AD74F /* Base */ = {isa = PBXFileReference; lastKnownFileType = file.storyboard; name = Base; path = Base.lproj/Main.storyboard; sourceTree = "<group>"; };
		9056554C1E3BAB88002AD74F /* Custom_TableView.xcdatamodel */ = {isa = PBXFileReference; lastKnownFileType = wrapper.xcdatamodel; path = Custom_TableView.xcdatamodel; sourceTree = "<group>"; };
		9056554E1E3BAB88002AD74F /* Assets.xcassets */ = {isa = PBXFileReference; lastKnownFileType = folder.assetcatalog; path = Assets.xcassets; sourceTree = "<group>"; };
		905655511E3BAB88002AD74F /* Base */ = {isa = PBXFileReference; lastKnownFileType = file.storyboard; name = Base; path = Base.lproj/LaunchScreen.storyboard; sourceTree = "<group>"; };
		905655531E3BAB88002AD74F /* Info.plist */ = {isa = PBXFileReference; lastKnownFileType = text.plist.xml; path = Info.plist; sourceTree = "<group>"; };
/* End PBXFileReference section */

/* Begin PBXFrameworksBuildPhase section */
		9056553E1E3BAB88002AD74F /* Frameworks */ = {
			isa = PBXFrameworksBuildPhase;
			buildActionMask = 2147483647;
			files = (
			);
			runOnlyForDeploymentPostprocessing = 0;
		};
/* End PBXFrameworksBuildPhase section */

/* Begin PBXGroup section */
		905655381E3BAB88002AD74F = {
			isa = PBXGroup;
			children = (
				905655431E3BAB88002AD74F /* Custom TableView */,
				905655421E3BAB88002AD74F /* Products */,
			);
			sourceTree = "<group>";
		};
		905655421E3BAB88002AD74F /* Products */ = {
			isa = PBXGroup;
			children = (
				905655411E3BAB88002AD74F /* Custom TableView.app */,
			);
			name = Products;
			sourceTree = "<group>";
		};
		905655431E3BAB88002AD74F /* Custom TableView */ = {
			isa = PBXGroup;
			children = (
				905655441E3BAB88002AD74F /* AppDelegate.swift */,
				905655461E3BAB88002AD74F /* ViewController.swift */,
				905655481E3BAB88002AD74F /* Main.storyboard */,
				9056554E1E3BAB88002AD74F /* Assets.xcassets */,
				905655501E3BAB88002AD74F /* LaunchScreen.storyboard */,
				905655531E3BAB88002AD74F /* Info.plist */,
				9056554B1E3BAB88002AD74F /* Custom_TableView.xcdatamodeld */,
				902208741E3CF55D005EBF7F /* CustomTableViewCell.swift */,
				902208761E3CF900005EBF7F /* 1.png */,
				902208771E3CF900005EBF7F /* 2.png */,
				902208781E3CF900005EBF7F /* 3.png */,
			);
			path = "Custom TableView";
			sourceTree = "<group>";
		};
/* End PBXGroup section */

/* Begin PBXNativeTarget section */
		905655401E3BAB88002AD74F /* Custom TableView */ = {
			isa = PBXNativeTarget;
			buildConfigurationList = 905655561E3BAB88002AD74F /* Build configuration list for PBXNativeTarget "Custom TableView" */;
			buildPhases = (
				9056553D1E3BAB88002AD74F /* Sources */,
				9056553E1E3BAB88002AD74F /* Frameworks */,
				9056553F1E3BAB88002AD74F /* Resources */,
			);
			buildRules = (
			);
			dependencies = (
			);
			name = "Custom TableView";
			productName = "Custom TableView";
			productReference = 905655411E3BAB88002AD74F /* Custom TableView.app */;
			productType = "com.apple.product-type.application";
		};
/* End PBXNativeTarget section */

/* Begin PBXProject section */
		905655391E3BAB88002AD74F /* Project object */ = {
			isa = PBXProject;
			attributes = {
				LastSwiftUpdateCheck = 0820;
				LastUpgradeCheck = 0820;
				ORGANIZATIONNAME = kratostracking;
				TargetAttributes = {
					905655401E3BAB88002AD74F = {
						CreatedOnToolsVersion = 8.2.1;
						DevelopmentTeam = 39VY9X6S8W;
						ProvisioningStyle = Automatic;
					};
				};
			};
			buildConfigurationList = 9056553C1E3BAB88002AD74F /* Build configuration list for PBXProject "Custom TableView" */;
			compatibilityVersion = "Xcode 3.2";
			developmentRegion = English;
			hasScannedForEncodings = 0;
			knownRegions = (
				en,
				Base,
			);
			mainGroup = 905655381E3BAB88002AD74F;
			productRefGroup = 905655421E3BAB88002AD74F /* Products */;
			projectDirPath = "";
			projectRoot = "";
			targets = (
				905655401E3BAB88002AD74F /* Custom TableView */,
			);
		};
/* End PBXProject section */

/* Begin PBXResourcesBuildPhase section */
		9056553F1E3BAB88002AD74F /* Resources */ = {
			isa = PBXResourcesBuildPhase;
			buildActionMask = 2147483647;
			files = (
				9022087A1E3CF900005EBF7F /* 2.png in Resources */,
				902208791E3CF900005EBF7F /* 1.png in Resources */,
				905655521E3BAB88002AD74F /* LaunchScreen.storyboard in Resources */,
				9056554F1E3BAB88002AD74F /* Assets.xcassets in Resources */,
				9022087B1E3CF900005EBF7F /* 3.png in Resources */,
				9056554A1E3BAB88002AD74F /* Main.storyboard in Resources */,
			);
			runOnlyForDeploymentPostprocessing = 0;
		};
/* End PBXResourcesBuildPhase section */

/* Begin PBXSourcesBuildPhase section */
		9056553D1E3BAB88002AD74F /* Sources */ = {
			isa = PBXSourcesBuildPhase;
			buildActionMask = 2147483647;
			files = (
				905655471E3BAB88002AD74F /* ViewController.swift in Sources */,
				905655451E3BAB88002AD74F /* AppDelegate.swift in Sources */,
				902208751E3CF55D005EBF7F /* CustomTableViewCell.swift in Sources */,
				9056554D1E3BAB88002AD74F /* Custom_TableView.xcdatamodeld in Sources */,
			);
			runOnlyForDeploymentPostprocessing = 0;
		};
/* End PBXSourcesBuildPhase section */

/* Begin PBXVariantGroup section */
		905655481E3BAB88002AD74F /* Main.storyboard */ = {
			isa = PBXVariantGroup;
			children = (
				905655491E3BAB88002AD74F /* Base */,
			);
			name = Main.storyboard;
			sourceTree = "<group>";
		};
		905655501E3BAB88002AD74F /* LaunchScreen.storyboard */ = {
			isa = PBXVariantGroup;
			children = (
				905655511E3BAB88002AD74F /* Base */,
			);
			name = LaunchScreen.storyboard;
			sourceTree = "<group>";
		};
/* End PBXVariantGroup section */

/* Begin XCBuildConfiguration section */
		905655541E3BAB88002AD74F /* Debug */ = {
			isa = XCBuildConfiguration;
			buildSettings = {
				ALWAYS_SEARCH_USER_PATHS = NO;
				CLANG_ANALYZER_NONNULL = YES;
				CLANG_CXX_LANGUAGE_STANDARD = "gnu++0x";
				CLANG_CXX_LIBRARY = "libc++";
				CLANG_ENABLE_MODULES = YES;
				CLANG_ENABLE_OBJC_ARC = YES;
				CLANG_WARN_BOOL_CONVERSION = YES;
				CLANG_WARN_CONSTANT_CONVERSION = YES;
				CLANG_WARN_DIRECT_OBJC_ISA_USAGE = YES_ERROR;
				CLANG_WARN_DOCUMENTATION_COMMENTS = YES;
				CLANG_WARN_EMPTY_BODY = YES;
				CLANG_WARN_ENUM_CONVERSION = YES;
				CLANG_WARN_INFINITE_RECURSION = YES;
				CLANG_WARN_INT_CONVERSION = YES;
				CLANG_WARN_OBJC_ROOT_CLASS = YES_ERROR;
				CLANG_WARN_SUSPICIOUS_MOVE = YES;
				CLANG_WARN_UNREACHABLE_CODE = YES;
				CLANG_WARN__DUPLICATE_METHOD_MATCH = YES;
				"CODE_SIGN_IDENTITY[sdk=iphoneos*]" = "iPhone Developer";
				COPY_PHASE_STRIP = NO;
				DEBUG_INFORMATION_FORMAT = dwarf;
				ENABLE_STRICT_OBJC_MSGSEND = YES;
				ENABLE_TESTABILITY = YES;
				GCC_C_LANGUAGE_STANDARD = gnu99;
				GCC_DYNAMIC_NO_PIC = NO;
				GCC_NO_COMMON_BLOCKS = YES;
				GCC_OPTIMIZATION_LEVEL = 0;
				GCC_PREPROCESSOR_DEFINITIONS = (
					"DEBUG=1",
					"$(inherited)",
				);
				GCC_WARN_64_TO_32_BIT_CONVERSION = YES;
				GCC_WARN_ABOUT_RETURN_TYPE = YES_ERROR;
				GCC_WARN_UNDECLARED_SELECTOR = YES;
				GCC_WARN_UNINITIALIZED_AUTOS = YES_AGGRESSIVE;
				GCC_WARN_UNUSED_FUNCTION = YES;
				GCC_WARN_UNUSED_VARIABLE = YES;
				IPHONEOS_DEPLOYMENT_TARGET = 10.2;
				MTL_ENABLE_DEBUG_INFO = YES;
				ONLY_ACTIVE_ARCH = YES;
				SDKROOT = iphoneos;
				SWIFT_ACTIVE_COMPILATION_CONDITIONS = DEBUG;
				SWIFT_OPTIMIZATION_LEVEL = "-Onone";
			};
			name = Debug;
		};
		905655551E3BAB88002AD74F /* Release */ = {
			isa = XCBuildConfiguration;
			buildSettings = {
				ALWAYS_SEARCH_USER_PATHS = NO;
				CLANG_ANALYZER_NONNULL = YES;
				CLANG_CXX_LANGUAGE_STANDARD = "gnu++0x";
				CLANG_CXX_LIBRARY = "libc++";
				CLANG_ENABLE_MODULES = YES;
				CLANG_ENABLE_OBJC_ARC = YES;
				CLANG_WARN_BOOL_CONVERSION = YES;
				CLANG_WARN_CONSTANT_CONVERSION = YES;
				CLANG_WARN_DIRECT_OBJC_ISA_USAGE = YES_ERROR;
				CLANG_WARN_DOCUMENTATION_COMMENTS = YES;
				CLANG_WARN_EMPTY_BODY = YES;
				CLANG_WARN_ENUM_CONVERSION = YES;
				CLANG_WARN_INFINITE_RECURSION = YES;
				CLANG_WARN_INT_CONVERSION = YES;
				CLANG_WARN_OBJC_ROOT_CLASS = YES_ERROR;
				CLANG_WARN_SUSPICIOUS_MOVE = YES;
				CLANG_WARN_UNREACHABLE_CODE = YES;
				CLANG_WARN__DUPLICATE_METHOD_MATCH = YES;
				"CODE_SIGN_IDENTITY[sdk=iphoneos*]" = "iPhone Developer";
				COPY_PHASE_STRIP = NO;
				DEBUG_INFORMATION_FORMAT = "dwarf-with-dsym";
				ENABLE_NS_ASSERTIONS = NO;
				ENABLE_STRICT_OBJC_MSGSEND = YES;
				GCC_C_LANGUAGE_STANDARD = gnu99;
				GCC_NO_COMMON_BLOCKS = YES;
				GCC_WARN_64_TO_32_BIT_CONVERSION = YES;
				GCC_WARN_ABOUT_RETURN_TYPE = YES_ERROR;
				GCC_WARN_UNDECLARED_SELECTOR = YES;
				GCC_WARN_UNINITIALIZED_AUTOS = YES_AGGRESSIVE;
				GCC_WARN_UNUSED_FUNCTION = YES;
				GCC_WARN_UNUSED_VARIABLE = YES;
				IPHONEOS_DEPLOYMENT_TARGET = 10.2;
				MTL_ENABLE_DEBUG_INFO = NO;
				SDKROOT = iphoneos;
				SWIFT_OPTIMIZATION_LEVEL = "-Owholemodule";
				VALIDATE_PRODUCT = YES;
			};
			name = Release;
		};
		905655571E3BAB88002AD74F /* Debug */ = {
			isa = XCBuildConfiguration;
			buildSettings = {
				ASSETCATALOG_COMPILER_APPICON_NAME = AppIcon;
				DEVELOPMENT_TEAM = 39VY9X6S8W;
				INFOPLIST_FILE = "Custom TableView/Info.plist";
				LD_RUNPATH_SEARCH_PATHS = "$(inherited) @executable_path/Frameworks";
				PRODUCT_BUNDLE_IDENTIFIER = "com.kratostracking.Custom-TableView";
				PRODUCT_NAME = "$(TARGET_NAME)";
				SWIFT_VERSION = 3.0;
			};
			name = Debug;
		};
		905655581E3BAB88002AD74F /* Release */ = {
			isa = XCBuildConfiguration;
			buildSettings = {
				ASSETCATALOG_COMPILER_APPICON_NAME = AppIcon;
				DEVELOPMENT_TEAM = 39VY9X6S8W;
				INFOPLIST_FILE = "Custom TableView/Info.plist";
				LD_RUNPATH_SEARCH_PATHS = "$(inherited) @executable_path/Frameworks";
				PRODUCT_BUNDLE_IDENTIFIER = "com.kratostracking.Custom-TableView";
				PRODUCT_NAME = "$(TARGET_NAME)";
				SWIFT_VERSION = 3.0;
			};
			name = Release;
		};
/* End XCBuildConfiguration section */

/* Begin XCConfigurationList section */
		9056553C1E3BAB88002AD74F /* Build configuration list for PBXProject "Custom TableView" */ = {
			isa = XCConfigurationList;
			buildConfigurations = (
				905655541E3BAB88002AD74F /* Debug */,
				905655551E3BAB88002AD74F /* Release */,
			);
			defaultConfigurationIsVisible = 0;
			defaultConfigurationName = Release;
		};
		905655561E3BAB88002AD74F /* Build configuration list for PBXNativeTarget "Custom TableView" */ = {
			isa = XCConfigurationList;
			buildConfigurations = (
				905655571E3BAB88002AD74F /* Debug */,
				905655581E3BAB88002AD74F /* Release */,
			);
			defaultConfigurationIsVisible = 0;
			defaultConfigurationName = Release;
		};
/* End XCConfigurationList section */

/* Begin XCVersionGroup section */
		9056554B1E3BAB88002AD74F /* Custom_TableView.xcdatamodeld */ = {
			isa = XCVersionGroup;
			children = (
				9056554C1E3BAB88002AD74F /* Custom_TableView.xcdatamodel */,
			);
			currentVersion = 9056554C1E3BAB88002AD74F /* Custom_TableView.xcdatamodel */;
			path = Custom_TableView.xcdatamodeld;
			sourceTree = "<group>";
			versionGroupType = wrapper.xcdatamodel;
		};
/* End XCVersionGroup section */
	};
	rootObject = 905655391E3BAB88002AD74F /* Project object */;
}
